# This file is automatically @generated by Cargo.
# It is not intended for manual editing.
version = 4

[[package]]
name = "bitmaps"
version = "3.2.1"
source = "registry+https://github.com/rust-lang/crates.io-index"
checksum = "a1d084b0137aaa901caf9f1e8b21daa6aa24d41cd806e111335541eff9683bd6"

[[package]]
name = "flatten_objects"
version = "0.1.0"
source = "registry+https://github.com/rust-lang/crates.io-index"
checksum = "640ae5c0dad96e72fe0acc974f42f9ab1e39c3e9708aa02579c160895d884244"
dependencies = [
 "bitmaps",
]

[[package]]
name = "test-flatten_objects"
version = "0.1.0"
dependencies = [
 "flatten_objects",
]
